{
  "name": "HTML&CSS:Framkeworks-e-bibliotecas-js",
  "lockfileVersion": 2,
  "requires": true,
  "packages": {
    "": {
      "dependencies": {
        "jquery": "^3.6.0",
        "just-validate": "^3.5.1"
      }
    },
    "node_modules/jquery": {
      "version": "3.6.0",
      "resolved": "https://registry.npmjs.org/jquery/-/jquery-3.6.0.tgz",
      "integrity": "sha512-JVzAR/AjBvVt2BmYhxRCSYysDsPcssdmTFnzyLEts9qNwmjmu4JTAMYubEfwVOSwpQ1I1sKKFcxhZCI2buerfw=="
    },
    "node_modules/just-validate": {
      "version": "3.5.1",
      "resolved": "https://registry.npmjs.org/just-validate/-/just-validate-3.5.1.tgz",
      "integrity": "sha512-NKuUFjhd/O7fi4Y/n27VUeXv1dDfkIUx5MeDOs+fW7yXmDfH37MvYT43c+GxYx9DXUOymtnoK9dGINfAKKssnQ=="
    }
  },
  "dependencies": {
    "jquery": {
      "version": "3.6.0",
      "resolved": "https://registry.npmjs.org/jquery/-/jquery-3.6.0.tgz",
      "integrity": "sha512-JVzAR/AjBvVt2BmYhxRCSYysDsPcssdmTFnzyLEts9qNwmjmu4JTAMYubEfwVOSwpQ1I1sKKFcxhZCI2buerfw=="
    },
    "just-validate": {
      "version": "3.5.1",
      "resolved": "https://registry.npmjs.org/just-validate/-/just-validate-3.5.1.tgz",
      "integrity": "sha512-NKuUFjhd/O7fi4Y/n27VUeXv1dDfkIUx5MeDOs+fW7yXmDfH37MvYT43c+GxYx9DXUOymtnoK9dGINfAKKssnQ=="
    }
  }
}
